
Microsoft Visual Studio Solution File, Format Version 12.00
# Visual Studio 15
VisualStudioVersion = 15.0.28307.271
MinimumVisualStudioVersion = 10.0.40219.1
Project("{FAE04EC0-301F-11D3-BF4B-00C04F79EFBC}") = "MasGlobal.Assessment.UI", "MasGlobal.Assessment.UI\MasGlobal.Assessment.UI.csproj", "{FFA152D2-801D-444D-920F-E3557406B816}"
EndProject
Project("{9A19103F-16F7-4668-BE54-9A1E7A4F7556}") = "MasGlobal.Assessment.Entities", "MasGlobal.Assessment.Entities\MasGlobal.Assessment.Entities.csproj", "{645B45EE-64D9-480C-9329-A6CDA2367215}"
EndProject
Project("{9A19103F-16F7-4668-BE54-9A1E7A4F7556}") = "MasGlobal.Assessment.DataAccess", "MasGlobal.Assessment.DataAccess\MasGlobal.Assessment.DataAccess.csproj", "{A90FBAB2-1B2F-4540-BE4C-885DF335F916}"
EndProject
Project("{9A19103F-16F7-4668-BE54-9A1E7A4F7556}") = "MasGlobal.Assessment.Business", "MasGlobal.Assessment.Business\MasGlobal.Assessment.Business.csproj", "{82A31DF5-F9A1-4F03-A2B3-98EC820E17F9}"
EndProject
Project("{FAE04EC0-301F-11D3-BF4B-00C04F79EFBC}") = "MasGlobal.Assessment.Business.Test", "MasGlobal.Assessment.Business.Test\MasGlobal.Assessment.Business.Test.csproj", "{D2B2A368-0A7B-4AC9-84F7-FD6E9D094FD9}"
EndProject
Global
	GlobalSection(SolutionConfigurationPlatforms) = preSolution
		Debug|Any CPU = Debug|Any CPU
		Release|Any CPU = Release|Any CPU
	EndGlobalSection
	GlobalSection(ProjectConfigurationPlatforms) = postSolution
		{FFA152D2-801D-444D-920F-E3557406B816}.Debug|Any CPU.ActiveCfg = Debug|Any CPU
		{FFA152D2-801D-444D-920F-E3557406B816}.Debug|Any CPU.Build.0 = Debug|Any CPU
		{FFA152D2-801D-444D-920F-E3557406B816}.Release|Any CPU.ActiveCfg = Release|Any CPU
		{FFA152D2-801D-444D-920F-E3557406B816}.Release|Any CPU.Build.0 = Release|Any CPU
		{645B45EE-64D9-480C-9329-A6CDA2367215}.Debug|Any CPU.ActiveCfg = Debug|Any CPU
		{645B45EE-64D9-480C-9329-A6CDA2367215}.Debug|Any CPU.Build.0 = Debug|Any CPU
		{645B45EE-64D9-480C-9329-A6CDA2367215}.Release|Any CPU.ActiveCfg = Release|Any CPU
		{645B45EE-64D9-480C-9329-A6CDA2367215}.Release|Any CPU.Build.0 = Release|Any CPU
		{A90FBAB2-1B2F-4540-BE4C-885DF335F916}.Debug|Any CPU.ActiveCfg = Debug|Any CPU
		{A90FBAB2-1B2F-4540-BE4C-885DF335F916}.Debug|Any CPU.Build.0 = Debug|Any CPU
		{A90FBAB2-1B2F-4540-BE4C-885DF335F916}.Release|Any CPU.ActiveCfg = Release|Any CPU
		{A90FBAB2-1B2F-4540-BE4C-885DF335F916}.Release|Any CPU.Build.0 = Release|Any CPU
		{82A31DF5-F9A1-4F03-A2B3-98EC820E17F9}.Debug|Any CPU.ActiveCfg = Debug|Any CPU
		{82A31DF5-F9A1-4F03-A2B3-98EC820E17F9}.Debug|Any CPU.Build.0 = Debug|Any CPU
		{82A31DF5-F9A1-4F03-A2B3-98EC820E17F9}.Release|Any CPU.ActiveCfg = Release|Any CPU
		{82A31DF5-F9A1-4F03-A2B3-98EC820E17F9}.Release|Any CPU.Build.0 = Release|Any CPU
		{D2B2A368-0A7B-4AC9-84F7-FD6E9D094FD9}.Debug|Any CPU.ActiveCfg = Debug|Any CPU
		{D2B2A368-0A7B-4AC9-84F7-FD6E9D094FD9}.Debug|Any CPU.Build.0 = Debug|Any CPU
		{D2B2A368-0A7B-4AC9-84F7-FD6E9D094FD9}.Release|Any CPU.ActiveCfg = Release|Any CPU
		{D2B2A368-0A7B-4AC9-84F7-FD6E9D094FD9}.Release|Any CPU.Build.0 = Release|Any CPU
	EndGlobalSection
	GlobalSection(SolutionProperties) = preSolution
		HideSolutionNode = FALSE
	EndGlobalSection
	GlobalSection(ExtensibilityGlobals) = postSolution
		SolutionGuid = {5E58BC71-4F52-48BA-81B2-D904C59E891F}
	EndGlobalSection
EndGlobal
